// !$*UTF8*$!
{
	archiveVersion = 1;
	classes = {
	};
	objectVersion = 56;
	objects = {

/* Begin PBXBuildFile section */
		B92990B92B7EE644002B27A8 /* User.swift in Sources */ = {isa = PBXBuildFile; fileRef = B92990B82B7EE644002B27A8 /* User.swift */; };
		B92990BB2B7EE77A002B27A8 /* UserCard.swift in Sources */ = {isa = PBXBuildFile; fileRef = B92990BA2B7EE77A002B27A8 /* UserCard.swift */; };
		B999ED8F2B75BC210096D438 /* FirebaseGoogleSignInApp.swift in Sources */ = {isa = PBXBuildFile; fileRef = B999ED8E2B75BC210096D438 /* FirebaseGoogleSignInApp.swift */; };
		B999ED912B75BC210096D438 /* ContentView.swift in Sources */ = {isa = PBXBuildFile; fileRef = B999ED902B75BC210096D438 /* ContentView.swift */; };
		B999ED932B75BC220096D438 /* Assets.xcassets in Resources */ = {isa = PBXBuildFile; fileRef = B999ED922B75BC220096D438 /* Assets.xcassets */; };
		B999ED962B75BC220096D438 /* Preview Assets.xcassets in Resources */ = {isa = PBXBuildFile; fileRef = B999ED952B75BC220096D438 /* Preview Assets.xcassets */; };
		B999ED9E2B75BDEA0096D438 /* FirebaseAnalytics in Frameworks */ = {isa = PBXBuildFile; productRef = B999ED9D2B75BDEA0096D438 /* FirebaseAnalytics */; };
		B999EDA02B75BDEA0096D438 /* FirebaseAnalyticsOnDeviceConversion in Frameworks */ = {isa = PBXBuildFile; productRef = B999ED9F2B75BDEA0096D438 /* FirebaseAnalyticsOnDeviceConversion */; };
		B999EDA22B75BDEA0096D438 /* FirebaseAnalyticsSwift in Frameworks */ = {isa = PBXBuildFile; productRef = B999EDA12B75BDEA0096D438 /* FirebaseAnalyticsSwift */; };
		B999EDA42B75BDEA0096D438 /* FirebaseAnalyticsWithoutAdIdSupport in Frameworks */ = {isa = PBXBuildFile; productRef = B999EDA32B75BDEA0096D438 /* FirebaseAnalyticsWithoutAdIdSupport */; };
		B999EDA62B75BDEA0096D438 /* FirebaseAppCheck in Frameworks */ = {isa = PBXBuildFile; productRef = B999EDA52B75BDEA0096D438 /* FirebaseAppCheck */; };
		B999EDA82B75BDEA0096D438 /* FirebaseAppDistribution-Beta in Frameworks */ = {isa = PBXBuildFile; productRef = B999EDA72B75BDEA0096D438 /* FirebaseAppDistribution-Beta */; };
		B999EDAA2B75BDEA0096D438 /* FirebaseAuth in Frameworks */ = {isa = PBXBuildFile; productRef = B999EDA92B75BDEA0096D438 /* FirebaseAuth */; };
		B999EDAC2B75BDEA0096D438 /* FirebaseAuthCombine-Community in Frameworks */ = {isa = PBXBuildFile; productRef = B999EDAB2B75BDEA0096D438 /* FirebaseAuthCombine-Community */; };
		B999EDAE2B75BDEA0096D438 /* FirebaseCrashlytics in Frameworks */ = {isa = PBXBuildFile; productRef = B999EDAD2B75BDEA0096D438 /* FirebaseCrashlytics */; };
		B999EDB02B75BDEA0096D438 /* FirebaseDatabase in Frameworks */ = {isa = PBXBuildFile; productRef = B999EDAF2B75BDEA0096D438 /* FirebaseDatabase */; };
		B999EDB22B75BDEA0096D438 /* FirebaseDatabaseSwift in Frameworks */ = {isa = PBXBuildFile; productRef = B999EDB12B75BDEA0096D438 /* FirebaseDatabaseSwift */; };
		B999EDB42B75BDEA0096D438 /* FirebaseDynamicLinks in Frameworks */ = {isa = PBXBuildFile; productRef = B999EDB32B75BDEA0096D438 /* FirebaseDynamicLinks */; };
		B999EDB62B75BDEA0096D438 /* FirebaseFirestore in Frameworks */ = {isa = PBXBuildFile; productRef = B999EDB52B75BDEA0096D438 /* FirebaseFirestore */; };
		B999EDB82B75BDEA0096D438 /* FirebaseFirestoreCombine-Community in Frameworks */ = {isa = PBXBuildFile; productRef = B999EDB72B75BDEA0096D438 /* FirebaseFirestoreCombine-Community */; };
		B999EDBA2B75BDEA0096D438 /* FirebaseFirestoreSwift in Frameworks */ = {isa = PBXBuildFile; productRef = B999EDB92B75BDEA0096D438 /* FirebaseFirestoreSwift */; };
		B999EDBC2B75BDEA0096D438 /* FirebaseFunctions in Frameworks */ = {isa = PBXBuildFile; productRef = B999EDBB2B75BDEA0096D438 /* FirebaseFunctions */; };
		B999EDBE2B75BDEA0096D438 /* FirebaseFunctionsCombine-Community in Frameworks */ = {isa = PBXBuildFile; productRef = B999EDBD2B75BDEA0096D438 /* FirebaseFunctionsCombine-Community */; };
		B999EDC02B75BDEA0096D438 /* FirebaseInAppMessaging-Beta in Frameworks */ = {isa = PBXBuildFile; productRef = B999EDBF2B75BDEA0096D438 /* FirebaseInAppMessaging-Beta */; };
		B999EDC22B75BDEA0096D438 /* FirebaseInAppMessagingSwift-Beta in Frameworks */ = {isa = PBXBuildFile; productRef = B999EDC12B75BDEA0096D438 /* FirebaseInAppMessagingSwift-Beta */; };
		B999EDC42B75BDEA0096D438 /* FirebaseInstallations in Frameworks */ = {isa = PBXBuildFile; productRef = B999EDC32B75BDEA0096D438 /* FirebaseInstallations */; };
		B999EDC62B75BDEA0096D438 /* FirebaseMLModelDownloader in Frameworks */ = {isa = PBXBuildFile; productRef = B999EDC52B75BDEA0096D438 /* FirebaseMLModelDownloader */; };
		B999EDC82B75BDEA0096D438 /* FirebaseMessaging in Frameworks */ = {isa = PBXBuildFile; productRef = B999EDC72B75BDEA0096D438 /* FirebaseMessaging */; };
		B999EDCA2B75BDEA0096D438 /* FirebasePerformance in Frameworks */ = {isa = PBXBuildFile; productRef = B999EDC92B75BDEA0096D438 /* FirebasePerformance */; };
		B999EDCC2B75BDEA0096D438 /* FirebaseRemoteConfig in Frameworks */ = {isa = PBXBuildFile; productRef = B999EDCB2B75BDEA0096D438 /* FirebaseRemoteConfig */; };
		B999EDCE2B75BDEA0096D438 /* FirebaseRemoteConfigSwift in Frameworks */ = {isa = PBXBuildFile; productRef = B999EDCD2B75BDEA0096D438 /* FirebaseRemoteConfigSwift */; };
		B999EDD02B75BDEA0096D438 /* FirebaseStorage in Frameworks */ = {isa = PBXBuildFile; productRef = B999EDCF2B75BDEA0096D438 /* FirebaseStorage */; };
		B999EDD22B75BDEA0096D438 /* FirebaseStorageCombine-Community in Frameworks */ = {isa = PBXBuildFile; productRef = B999EDD12B75BDEA0096D438 /* FirebaseStorageCombine-Community */; };
		B999EDD52B75BEE10096D438 /* GoogleSignIn in Frameworks */ = {isa = PBXBuildFile; productRef = B999EDD42B75BEE10096D438 /* GoogleSignIn */; };
		B999EDD72B75BEE10096D438 /* GoogleSignInSwift in Frameworks */ = {isa = PBXBuildFile; productRef = B999EDD62B75BEE10096D438 /* GoogleSignInSwift */; };
		B9E380A52B75CAEA00E7268B /* GoogleService-Info.plist in Resources */ = {isa = PBXBuildFile; fileRef = B9E380A42B75CAEA00E7268B /* GoogleService-Info.plist */; };
		B9E380A82B75CC3700E7268B /* AppDelegate.swift in Sources */ = {isa = PBXBuildFile; fileRef = B9E380A72B75CC3700E7268B /* AppDelegate.swift */; };
/* End PBXBuildFile section */

/* Begin PBXFileReference section */
		B92990B82B7EE644002B27A8 /* User.swift */ = {isa = PBXFileReference; lastKnownFileType = sourcecode.swift; path = User.swift; sourceTree = "<group>"; };
		B92990BA2B7EE77A002B27A8 /* UserCard.swift */ = {isa = PBXFileReference; lastKnownFileType = sourcecode.swift; path = UserCard.swift; sourceTree = "<group>"; };
		B999ED8B2B75BC210096D438 /* FirebaseGoogleSignIn.app */ = {isa = PBXFileReference; explicitFileType = wrapper.application; includeInIndex = 0; path = FirebaseGoogleSignIn.app; sourceTree = BUILT_PRODUCTS_DIR; };
		B999ED8E2B75BC210096D438 /* FirebaseGoogleSignInApp.swift */ = {isa = PBXFileReference; lastKnownFileType = sourcecode.swift; path = FirebaseGoogleSignInApp.swift; sourceTree = "<group>"; };
		B999ED902B75BC210096D438 /* ContentView.swift */ = {isa = PBXFileReference; lastKnownFileType = sourcecode.swift; path = ContentView.swift; sourceTree = "<group>"; };
		B999ED922B75BC220096D438 /* Assets.xcassets */ = {isa = PBXFileReference; lastKnownFileType = folder.assetcatalog; path = Assets.xcassets; sourceTree = "<group>"; };
		B999ED952B75BC220096D438 /* Preview Assets.xcassets */ = {isa = PBXFileReference; lastKnownFileType = folder.assetcatalog; path = "Preview Assets.xcassets"; sourceTree = "<group>"; };
		B9E380A42B75CAEA00E7268B /* GoogleService-Info.plist */ = {isa = PBXFileReference; fileEncoding = 4; lastKnownFileType = text.plist.xml; path = "GoogleService-Info.plist"; sourceTree = "<group>"; };
		B9E380A62B75CB5300E7268B /* Info.plist */ = {isa = PBXFileReference; lastKnownFileType = text.plist; path = Info.plist; sourceTree = "<group>"; };
		B9E380A72B75CC3700E7268B /* AppDelegate.swift */ = {isa = PBXFileReference; lastKnownFileType = sourcecode.swift; path = AppDelegate.swift; sourceTree = "<group>"; };
/* End PBXFileReference section */

/* Begin PBXFrameworksBuildPhase section */
		B999ED882B75BC210096D438 /* Frameworks */ = {
			isa = PBXFrameworksBuildPhase;
			buildActionMask = 2147483647;
			files = (
				B999EDB02B75BDEA0096D438 /* FirebaseDatabase in Frameworks */,
				B999EDBE2B75BDEA0096D438 /* FirebaseFunctionsCombine-Community in Frameworks */,
				B999EDB62B75BDEA0096D438 /* FirebaseFirestore in Frameworks */,
				B999EDA22B75BDEA0096D438 /* FirebaseAnalyticsSwift in Frameworks */,
				B999ED9E2B75BDEA0096D438 /* FirebaseAnalytics in Frameworks */,
				B999EDA02B75BDEA0096D438 /* FirebaseAnalyticsOnDeviceConversion in Frameworks */,
				B999EDC62B75BDEA0096D438 /* FirebaseMLModelDownloader in Frameworks */,
				B999EDD72B75BEE10096D438 /* GoogleSignInSwift in Frameworks */,
				B999EDBA2B75BDEA0096D438 /* FirebaseFirestoreSwift in Frameworks */,
				B999EDA62B75BDEA0096D438 /* FirebaseAppCheck in Frameworks */,
				B999EDA42B75BDEA0096D438 /* FirebaseAnalyticsWithoutAdIdSupport in Frameworks */,
				B999EDAA2B75BDEA0096D438 /* FirebaseAuth in Frameworks */,
				B999EDAE2B75BDEA0096D438 /* FirebaseCrashlytics in Frameworks */,
				B999EDCE2B75BDEA0096D438 /* FirebaseRemoteConfigSwift in Frameworks */,
				B999EDD52B75BEE10096D438 /* GoogleSignIn in Frameworks */,
				B999EDC02B75BDEA0096D438 /* FirebaseInAppMessaging-Beta in Frameworks */,
				B999EDB22B75BDEA0096D438 /* FirebaseDatabaseSwift in Frameworks */,
				B999EDBC2B75BDEA0096D438 /* FirebaseFunctions in Frameworks */,
				B999EDD22B75BDEA0096D438 /* FirebaseStorageCombine-Community in Frameworks */,
				B999EDCC2B75BDEA0096D438 /* FirebaseRemoteConfig in Frameworks */,
				B999EDA82B75BDEA0096D438 /* FirebaseAppDistribution-Beta in Frameworks */,
				B999EDAC2B75BDEA0096D438 /* FirebaseAuthCombine-Community in Frameworks */,
				B999EDCA2B75BDEA0096D438 /* FirebasePerformance in Frameworks */,
				B999EDC22B75BDEA0096D438 /* FirebaseInAppMessagingSwift-Beta in Frameworks */,
				B999EDD02B75BDEA0096D438 /* FirebaseStorage in Frameworks */,
				B999EDB42B75BDEA0096D438 /* FirebaseDynamicLinks in Frameworks */,
				B999EDB82B75BDEA0096D438 /* FirebaseFirestoreCombine-Community in Frameworks */,
				B999EDC82B75BDEA0096D438 /* FirebaseMessaging in Frameworks */,
				B999EDC42B75BDEA0096D438 /* FirebaseInstallations in Frameworks */,
			);
			runOnlyForDeploymentPostprocessing = 0;
		};
/* End PBXFrameworksBuildPhase section */

/* Begin PBXGroup section */
		B999ED822B75BC210096D438 = {
			isa = PBXGroup;
			children = (
				B999ED8D2B75BC210096D438 /* FirebaseGoogleSignIn */,
				B999ED8C2B75BC210096D438 /* Products */,
			);
			sourceTree = "<group>";
		};
		B999ED8C2B75BC210096D438 /* Products */ = {
			isa = PBXGroup;
			children = (
				B999ED8B2B75BC210096D438 /* FirebaseGoogleSignIn.app */,
			);
			name = Products;
			sourceTree = "<group>";
		};
		B999ED8D2B75BC210096D438 /* FirebaseGoogleSignIn */ = {
			isa = PBXGroup;
			children = (
				B9E380A62B75CB5300E7268B /* Info.plist */,
				B9E380A42B75CAEA00E7268B /* GoogleService-Info.plist */,
				B999EDD82B75C4DC0096D438 /* Helper */,
				B999ED8E2B75BC210096D438 /* FirebaseGoogleSignInApp.swift */,
				B999ED902B75BC210096D438 /* ContentView.swift */,
				B92990BA2B7EE77A002B27A8 /* UserCard.swift */,
				B92990B82B7EE644002B27A8 /* User.swift */,
				B999ED922B75BC220096D438 /* Assets.xcassets */,
				B999ED942B75BC220096D438 /* Preview Content */,
			);
			path = FirebaseGoogleSignIn;
			sourceTree = "<group>";
		};
		B999ED942B75BC220096D438 /* Preview Content */ = {
			isa = PBXGroup;
			children = (
				B999ED952B75BC220096D438 /* Preview Assets.xcassets */,
			);
			path = "Preview Content";
			sourceTree = "<group>";
		};
		B999EDD82B75C4DC0096D438 /* Helper */ = {
			isa = PBXGroup;
			children = (
				B9E380A72B75CC3700E7268B /* AppDelegate.swift */,
			);
			path = Helper;
			sourceTree = "<group>";
		};
/* End PBXGroup section */

/* Begin PBXNativeTarget section */
		B999ED8A2B75BC210096D438 /* FirebaseGoogleSignIn */ = {
			isa = PBXNativeTarget;
			buildConfigurationList = B999ED992B75BC220096D438 /* Build configuration list for PBXNativeTarget "FirebaseGoogleSignIn" */;
			buildPhases = (
				B999ED872B75BC210096D438 /* Sources */,
				B999ED882B75BC210096D438 /* Frameworks */,
				B999ED892B75BC210096D438 /* Resources */,
			);
			buildRules = (
			);
			dependencies = (
			);
			name = FirebaseGoogleSignIn;
			packageProductDependencies = (
				B999ED9D2B75BDEA0096D438 /* FirebaseAnalytics */,
				B999ED9F2B75BDEA0096D438 /* FirebaseAnalyticsOnDeviceConversion */,
				B999EDA12B75BDEA0096D438 /* FirebaseAnalyticsSwift */,
				B999EDA32B75BDEA0096D438 /* FirebaseAnalyticsWithoutAdIdSupport */,
				B999EDA52B75BDEA0096D438 /* FirebaseAppCheck */,
				B999EDA72B75BDEA0096D438 /* FirebaseAppDistribution-Beta */,
				B999EDA92B75BDEA0096D438 /* FirebaseAuth */,
				B999EDAB2B75BDEA0096D438 /* FirebaseAuthCombine-Community */,
				B999EDAD2B75BDEA0096D438 /* FirebaseCrashlytics */,
				B999EDAF2B75BDEA0096D438 /* FirebaseDatabase */,
				B999EDB12B75BDEA0096D438 /* FirebaseDatabaseSwift */,
				B999EDB32B75BDEA0096D438 /* FirebaseDynamicLinks */,
				B999EDB52B75BDEA0096D438 /* FirebaseFirestore */,
				B999EDB72B75BDEA0096D438 /* FirebaseFirestoreCombine-Community */,
				B999EDB92B75BDEA0096D438 /* FirebaseFirestoreSwift */,
				B999EDBB2B75BDEA0096D438 /* FirebaseFunctions */,
				B999EDBD2B75BDEA0096D438 /* FirebaseFunctionsCombine-Community */,
				B999EDBF2B75BDEA0096D438 /* FirebaseInAppMessaging-Beta */,
				B999EDC12B75BDEA0096D438 /* FirebaseInAppMessagingSwift-Beta */,
				B999EDC32B75BDEA0096D438 /* FirebaseInstallations */,
				B999EDC52B75BDEA0096D438 /* FirebaseMLModelDownloader */,
				B999EDC72B75BDEA0096D438 /* FirebaseMessaging */,
				B999EDC92B75BDEA0096D438 /* FirebasePerformance */,
				B999EDCB2B75BDEA0096D438 /* FirebaseRemoteConfig */,
				B999EDCD2B75BDEA0096D438 /* FirebaseRemoteConfigSwift */,
				B999EDCF2B75BDEA0096D438 /* FirebaseStorage */,
				B999EDD12B75BDEA0096D438 /* FirebaseStorageCombine-Community */,
				B999EDD42B75BEE10096D438 /* GoogleSignIn */,
				B999EDD62B75BEE10096D438 /* GoogleSignInSwift */,
			);
			productName = FirebaseGoogleSignIn;
			productReference = B999ED8B2B75BC210096D438 /* FirebaseGoogleSignIn.app */;
			productType = "com.apple.product-type.application";
		};
/* End PBXNativeTarget section */

/* Begin PBXProject section */
		B999ED832B75BC210096D438 /* Project object */ = {
			isa = PBXProject;
			attributes = {
				BuildIndependentTargetsInParallel = 1;
				LastSwiftUpdateCheck = 1520;
				LastUpgradeCheck = 1520;
				TargetAttributes = {
					B999ED8A2B75BC210096D438 = {
						CreatedOnToolsVersion = 15.2;
					};
				};
			};
			buildConfigurationList = B999ED862B75BC210096D438 /* Build configuration list for PBXProject "FirebaseGoogleSignIn" */;
			compatibilityVersion = "Xcode 14.0";
			developmentRegion = en;
			hasScannedForEncodings = 0;
			knownRegions = (
				en,
				Base,
			);
			mainGroup = B999ED822B75BC210096D438;
			packageReferences = (
				B999ED9C2B75BDEA0096D438 /* XCRemoteSwiftPackageReference "firebase-ios-sdk" */,
				B999EDD32B75BEE10096D438 /* XCRemoteSwiftPackageReference "GoogleSignIn-iOS" */,
			);
			productRefGroup = B999ED8C2B75BC210096D438 /* Products */;
			projectDirPath = "";
			projectRoot = "";
			targets = (
				B999ED8A2B75BC210096D438 /* FirebaseGoogleSignIn */,
			);
		};
/* End PBXProject section */

/* Begin PBXResourcesBuildPhase section */
		B999ED892B75BC210096D438 /* Resources */ = {
			isa = PBXResourcesBuildPhase;
			buildActionMask = 2147483647;
			files = (
				B999ED962B75BC220096D438 /* Preview Assets.xcassets in Resources */,
				B999ED932B75BC220096D438 /* Assets.xcassets in Resources */,
				B9E380A52B75CAEA00E7268B /* GoogleService-Info.plist in Resources */,
			);
			runOnlyForDeploymentPostprocessing = 0;
		};
/* End PBXResourcesBuildPhase section */

/* Begin PBXSourcesBuildPhase section */
		B999ED872B75BC210096D438 /* Sources */ = {
			isa = PBXSourcesBuildPhase;
			buildActionMask = 2147483647;
			files = (
				B92990B92B7EE644002B27A8 /* User.swift in Sources */,
				B9E380A82B75CC3700E7268B /* AppDelegate.swift in Sources */,
				B999ED912B75BC210096D438 /* ContentView.swift in Sources */,
				B92990BB2B7EE77A002B27A8 /* UserCard.swift in Sources */,
				B999ED8F2B75BC210096D438 /* FirebaseGoogleSignInApp.swift in Sources */,
			);
			runOnlyForDeploymentPostprocessing = 0;
		};
/* End PBXSourcesBuildPhase section */

/* Begin XCBuildConfiguration section */
		B999ED972B75BC220096D438 /* Debug */ = {
			isa = XCBuildConfiguration;
			buildSettings = {
				ALWAYS_SEARCH_USER_PATHS = NO;
				ASSETCATALOG_COMPILER_GENERATE_SWIFT_ASSET_SYMBOL_EXTENSIONS = YES;
				CLANG_ANALYZER_NONNULL = YES;
				CLANG_ANALYZER_NUMBER_OBJECT_CONVERSION = YES_AGGRESSIVE;
				CLANG_CXX_LANGUAGE_STANDARD = "gnu++20";
				CLANG_ENABLE_MODULES = YES;
				CLANG_ENABLE_OBJC_ARC = YES;
				CLANG_ENABLE_OBJC_WEAK = YES;
				CLANG_WARN_BLOCK_CAPTURE_AUTORELEASING = YES;
				CLANG_WARN_BOOL_CONVERSION = YES;
				CLANG_WARN_COMMA = YES;
				CLANG_WARN_CONSTANT_CONVERSION = YES;
				CLANG_WARN_DEPRECATED_OBJC_IMPLEMENTATIONS = YES;
				CLANG_WARN_DIRECT_OBJC_ISA_USAGE = YES_ERROR;
				CLANG_WARN_DOCUMENTATION_COMMENTS = YES;
				CLANG_WARN_EMPTY_BODY = YES;
				CLANG_WARN_ENUM_CONVERSION = YES;
				CLANG_WARN_INFINITE_RECURSION = YES;
				CLANG_WARN_INT_CONVERSION = YES;
				CLANG_WARN_NON_LITERAL_NULL_CONVERSION = YES;
				CLANG_WARN_OBJC_IMPLICIT_RETAIN_SELF = YES;
				CLANG_WARN_OBJC_LITERAL_CONVERSION = YES;
				CLANG_WARN_OBJC_ROOT_CLASS = YES_ERROR;
				CLANG_WARN_QUOTED_INCLUDE_IN_FRAMEWORK_HEADER = YES;
				CLANG_WARN_RANGE_LOOP_ANALYSIS = YES;
				CLANG_WARN_STRICT_PROTOTYPES = YES;
				CLANG_WARN_SUSPICIOUS_MOVE = YES;
				CLANG_WARN_UNGUARDED_AVAILABILITY = YES_AGGRESSIVE;
				CLANG_WARN_UNREACHABLE_CODE = YES;
				CLANG_WARN__DUPLICATE_METHOD_MATCH = YES;
				COPY_PHASE_STRIP = NO;
				DEBUG_INFORMATION_FORMAT = dwarf;
				ENABLE_STRICT_OBJC_MSGSEND = YES;
				ENABLE_TESTABILITY = YES;
				ENABLE_USER_SCRIPT_SANDBOXING = YES;
				GCC_C_LANGUAGE_STANDARD = gnu17;
				GCC_DYNAMIC_NO_PIC = NO;
				GCC_NO_COMMON_BLOCKS = YES;
				GCC_OPTIMIZATION_LEVEL = 0;
				GCC_PREPROCESSOR_DEFINITIONS = (
					"DEBUG=1",
					"$(inherited)",
				);
				GCC_WARN_64_TO_32_BIT_CONVERSION = YES;
				GCC_WARN_ABOUT_RETURN_TYPE = YES_ERROR;
				GCC_WARN_UNDECLARED_SELECTOR = YES;
				GCC_WARN_UNINITIALIZED_AUTOS = YES_AGGRESSIVE;
				GCC_WARN_UNUSED_FUNCTION = YES;
				GCC_WARN_UNUSED_VARIABLE = YES;
				IPHONEOS_DEPLOYMENT_TARGET = 17.2;
				LOCALIZATION_PREFERS_STRING_CATALOGS = YES;
				MTL_ENABLE_DEBUG_INFO = INCLUDE_SOURCE;
				MTL_FAST_MATH = YES;
				ONLY_ACTIVE_ARCH = YES;
				SDKROOT = iphoneos;
				SWIFT_ACTIVE_COMPILATION_CONDITIONS = "DEBUG $(inherited)";
				SWIFT_OPTIMIZATION_LEVEL = "-Onone";
			};
			name = Debug;
		};
		B999ED982B75BC220096D438 /* Release */ = {
			isa = XCBuildConfiguration;
			buildSettings = {
				ALWAYS_SEARCH_USER_PATHS = NO;
				ASSETCATALOG_COMPILER_GENERATE_SWIFT_ASSET_SYMBOL_EXTENSIONS = YES;
				CLANG_ANALYZER_NONNULL = YES;
				CLANG_ANALYZER_NUMBER_OBJECT_CONVERSION = YES_AGGRESSIVE;
				CLANG_CXX_LANGUAGE_STANDARD = "gnu++20";
				CLANG_ENABLE_MODULES = YES;
				CLANG_ENABLE_OBJC_ARC = YES;
				CLANG_ENABLE_OBJC_WEAK = YES;
				CLANG_WARN_BLOCK_CAPTURE_AUTORELEASING = YES;
				CLANG_WARN_BOOL_CONVERSION = YES;
				CLANG_WARN_COMMA = YES;
				CLANG_WARN_CONSTANT_CONVERSION = YES;
				CLANG_WARN_DEPRECATED_OBJC_IMPLEMENTATIONS = YES;
				CLANG_WARN_DIRECT_OBJC_ISA_USAGE = YES_ERROR;
				CLANG_WARN_DOCUMENTATION_COMMENTS = YES;
				CLANG_WARN_EMPTY_BODY = YES;
				CLANG_WARN_ENUM_CONVERSION = YES;
				CLANG_WARN_INFINITE_RECURSION = YES;
				CLANG_WARN_INT_CONVERSION = YES;
				CLANG_WARN_NON_LITERAL_NULL_CONVERSION = YES;
				CLANG_WARN_OBJC_IMPLICIT_RETAIN_SELF = YES;
				CLANG_WARN_OBJC_LITERAL_CONVERSION = YES;
				CLANG_WARN_OBJC_ROOT_CLASS = YES_ERROR;
				CLANG_WARN_QUOTED_INCLUDE_IN_FRAMEWORK_HEADER = YES;
				CLANG_WARN_RANGE_LOOP_ANALYSIS = YES;
				CLANG_WARN_STRICT_PROTOTYPES = YES;
				CLANG_WARN_SUSPICIOUS_MOVE = YES;
				CLANG_WARN_UNGUARDED_AVAILABILITY = YES_AGGRESSIVE;
				CLANG_WARN_UNREACHABLE_CODE = YES;
				CLANG_WARN__DUPLICATE_METHOD_MATCH = YES;
				COPY_PHASE_STRIP = NO;
				DEBUG_INFORMATION_FORMAT = "dwarf-with-dsym";
				ENABLE_NS_ASSERTIONS = NO;
				ENABLE_STRICT_OBJC_MSGSEND = YES;
				ENABLE_USER_SCRIPT_SANDBOXING = YES;
				GCC_C_LANGUAGE_STANDARD = gnu17;
				GCC_NO_COMMON_BLOCKS = YES;
				GCC_WARN_64_TO_32_BIT_CONVERSION = YES;
				GCC_WARN_ABOUT_RETURN_TYPE = YES_ERROR;
				GCC_WARN_UNDECLARED_SELECTOR = YES;
				GCC_WARN_UNINITIALIZED_AUTOS = YES_AGGRESSIVE;
				GCC_WARN_UNUSED_FUNCTION = YES;
				GCC_WARN_UNUSED_VARIABLE = YES;
				IPHONEOS_DEPLOYMENT_TARGET = 17.2;
				LOCALIZATION_PREFERS_STRING_CATALOGS = YES;
				MTL_ENABLE_DEBUG_INFO = NO;
				MTL_FAST_MATH = YES;
				SDKROOT = iphoneos;
				SWIFT_COMPILATION_MODE = wholemodule;
				VALIDATE_PRODUCT = YES;
			};
			name = Release;
		};
		B999ED9A2B75BC220096D438 /* Debug */ = {
			isa = XCBuildConfiguration;
			buildSettings = {
				ASSETCATALOG_COMPILER_APPICON_NAME = AppIcon;
				ASSETCATALOG_COMPILER_GLOBAL_ACCENT_COLOR_NAME = AccentColor;
				CODE_SIGN_STYLE = Automatic;
				CURRENT_PROJECT_VERSION = 1;
				DEVELOPMENT_ASSET_PATHS = "\"FirebaseGoogleSignIn/Preview Content\"";
				ENABLE_PREVIEWS = YES;
				GENERATE_INFOPLIST_FILE = YES;
				INFOPLIST_FILE = FirebaseGoogleSignIn/Info.plist;
				INFOPLIST_KEY_UIApplicationSceneManifest_Generation = YES;
				INFOPLIST_KEY_UIApplicationSupportsIndirectInputEvents = YES;
				INFOPLIST_KEY_UILaunchScreen_Generation = YES;
				INFOPLIST_KEY_UISupportedInterfaceOrientations_iPad = "UIInterfaceOrientationPortrait UIInterfaceOrientationPortraitUpsideDown UIInterfaceOrientationLandscapeLeft UIInterfaceOrientationLandscapeRight";
				INFOPLIST_KEY_UISupportedInterfaceOrientations_iPhone = "UIInterfaceOrientationPortrait UIInterfaceOrientationLandscapeLeft UIInterfaceOrientationLandscapeRight";
				LD_RUNPATH_SEARCH_PATHS = (
					"$(inherited)",
					"@executable_path/Frameworks",
				);
				MARKETING_VERSION = 1.0;
				PRODUCT_BUNDLE_IDENTIFIER = "com.bumba.firebase.google.sign-in.FirebaseGoogleSignIn";
				PRODUCT_NAME = "$(TARGET_NAME)";
				SWIFT_EMIT_LOC_STRINGS = YES;
				SWIFT_VERSION = 5.0;
				TARGETED_DEVICE_FAMILY = "1,2";
			};
			name = Debug;
		};
		B999ED9B2B75BC220096D438 /* Release */ = {
			isa = XCBuildConfiguration;
			buildSettings = {
				ASSETCATALOG_COMPILER_APPICON_NAME = AppIcon;
				ASSETCATALOG_COMPILER_GLOBAL_ACCENT_COLOR_NAME = AccentColor;
				CODE_SIGN_STYLE = Automatic;
				CURRENT_PROJECT_VERSION = 1;
				DEVELOPMENT_ASSET_PATHS = "\"FirebaseGoogleSignIn/Preview Content\"";
				ENABLE_PREVIEWS = YES;
				GENERATE_INFOPLIST_FILE = YES;
				INFOPLIST_FILE = FirebaseGoogleSignIn/Info.plist;
				INFOPLIST_KEY_UIApplicationSceneManifest_Generation = YES;
				INFOPLIST_KEY_UIApplicationSupportsIndirectInputEvents = YES;
				INFOPLIST_KEY_UILaunchScreen_Generation = YES;
				INFOPLIST_KEY_UISupportedInterfaceOrientations_iPad = "UIInterfaceOrientationPortrait UIInterfaceOrientationPortraitUpsideDown UIInterfaceOrientationLandscapeLeft UIInterfaceOrientationLandscapeRight";
				INFOPLIST_KEY_UISupportedInterfaceOrientations_iPhone = "UIInterfaceOrientationPortrait UIInterfaceOrientationLandscapeLeft UIInterfaceOrientationLandscapeRight";
				LD_RUNPATH_SEARCH_PATHS = (
					"$(inherited)",
					"@executable_path/Frameworks",
				);
				MARKETING_VERSION = 1.0;
				PRODUCT_BUNDLE_IDENTIFIER = "com.bumba.firebase.google.sign-in.FirebaseGoogleSignIn";
				PRODUCT_NAME = "$(TARGET_NAME)";
				SWIFT_EMIT_LOC_STRINGS = YES;
				SWIFT_VERSION = 5.0;
				TARGETED_DEVICE_FAMILY = "1,2";
			};
			name = Release;
		};
/* End XCBuildConfiguration section */

/* Begin XCConfigurationList section */
		B999ED862B75BC210096D438 /* Build configuration list for PBXProject "FirebaseGoogleSignIn" */ = {
			isa = XCConfigurationList;
			buildConfigurations = (
				B999ED972B75BC220096D438 /* Debug */,
				B999ED982B75BC220096D438 /* Release */,
			);
			defaultConfigurationIsVisible = 0;
			defaultConfigurationName = Release;
		};
		B999ED992B75BC220096D438 /* Build configuration list for PBXNativeTarget "FirebaseGoogleSignIn" */ = {
			isa = XCConfigurationList;
			buildConfigurations = (
				B999ED9A2B75BC220096D438 /* Debug */,
				B999ED9B2B75BC220096D438 /* Release */,
			);
			defaultConfigurationIsVisible = 0;
			defaultConfigurationName = Release;
		};
/* End XCConfigurationList section */

/* Begin XCRemoteSwiftPackageReference section */
		B999ED9C2B75BDEA0096D438 /* XCRemoteSwiftPackageReference "firebase-ios-sdk" */ = {
			isa = XCRemoteSwiftPackageReference;
			repositoryURL = "https://github.com/firebase/firebase-ios-sdk";
			requirement = {
				kind = upToNextMajorVersion;
				minimumVersion = 10.21.0;
			};
		};
		B999EDD32B75BEE10096D438 /* XCRemoteSwiftPackageReference "GoogleSignIn-iOS" */ = {
			isa = XCRemoteSwiftPackageReference;
			repositoryURL = "https://github.com/google/GoogleSignIn-iOS.git";
			requirement = {
				kind = upToNextMajorVersion;
				minimumVersion = 7.0.0;
			};
		};
/* End XCRemoteSwiftPackageReference section */

/* Begin XCSwiftPackageProductDependency section */
		B999ED9D2B75BDEA0096D438 /* FirebaseAnalytics */ = {
			isa = XCSwiftPackageProductDependency;
			package = B999ED9C2B75BDEA0096D438 /* XCRemoteSwiftPackageReference "firebase-ios-sdk" */;
			productName = FirebaseAnalytics;
		};
		B999ED9F2B75BDEA0096D438 /* FirebaseAnalyticsOnDeviceConversion */ = {
			isa = XCSwiftPackageProductDependency;
			package = B999ED9C2B75BDEA0096D438 /* XCRemoteSwiftPackageReference "firebase-ios-sdk" */;
			productName = FirebaseAnalyticsOnDeviceConversion;
		};
		B999EDA12B75BDEA0096D438 /* FirebaseAnalyticsSwift */ = {
			isa = XCSwiftPackageProductDependency;
			package = B999ED9C2B75BDEA0096D438 /* XCRemoteSwiftPackageReference "firebase-ios-sdk" */;
			productName = FirebaseAnalyticsSwift;
		};
		B999EDA32B75BDEA0096D438 /* FirebaseAnalyticsWithoutAdIdSupport */ = {
			isa = XCSwiftPackageProductDependency;
			package = B999ED9C2B75BDEA0096D438 /* XCRemoteSwiftPackageReference "firebase-ios-sdk" */;
			productName = FirebaseAnalyticsWithoutAdIdSupport;
		};
		B999EDA52B75BDEA0096D438 /* FirebaseAppCheck */ = {
			isa = XCSwiftPackageProductDependency;
			package = B999ED9C2B75BDEA0096D438 /* XCRemoteSwiftPackageReference "firebase-ios-sdk" */;
			productName = FirebaseAppCheck;
		};
		B999EDA72B75BDEA0096D438 /* FirebaseAppDistribution-Beta */ = {
			isa = XCSwiftPackageProductDependency;
			package = B999ED9C2B75BDEA0096D438 /* XCRemoteSwiftPackageReference "firebase-ios-sdk" */;
			productName = "FirebaseAppDistribution-Beta";
		};
		B999EDA92B75BDEA0096D438 /* FirebaseAuth */ = {
			isa = XCSwiftPackageProductDependency;
			package = B999ED9C2B75BDEA0096D438 /* XCRemoteSwiftPackageReference "firebase-ios-sdk" */;
			productName = FirebaseAuth;
		};
		B999EDAB2B75BDEA0096D438 /* FirebaseAuthCombine-Community */ = {
			isa = XCSwiftPackageProductDependency;
			package = B999ED9C2B75BDEA0096D438 /* XCRemoteSwiftPackageReference "firebase-ios-sdk" */;
			productName = "FirebaseAuthCombine-Community";
		};
		B999EDAD2B75BDEA0096D438 /* FirebaseCrashlytics */ = {
			isa = XCSwiftPackageProductDependency;
			package = B999ED9C2B75BDEA0096D438 /* XCRemoteSwiftPackageReference "firebase-ios-sdk" */;
			productName = FirebaseCrashlytics;
		};
		B999EDAF2B75BDEA0096D438 /* FirebaseDatabase */ = {
			isa = XCSwiftPackageProductDependency;
			package = B999ED9C2B75BDEA0096D438 /* XCRemoteSwiftPackageReference "firebase-ios-sdk" */;
			productName = FirebaseDatabase;
		};
		B999EDB12B75BDEA0096D438 /* FirebaseDatabaseSwift */ = {
			isa = XCSwiftPackageProductDependency;
			package = B999ED9C2B75BDEA0096D438 /* XCRemoteSwiftPackageReference "firebase-ios-sdk" */;
			productName = FirebaseDatabaseSwift;
		};
		B999EDB32B75BDEA0096D438 /* FirebaseDynamicLinks */ = {
			isa = XCSwiftPackageProductDependency;
			package = B999ED9C2B75BDEA0096D438 /* XCRemoteSwiftPackageReference "firebase-ios-sdk" */;
			productName = FirebaseDynamicLinks;
		};
		B999EDB52B75BDEA0096D438 /* FirebaseFirestore */ = {
			isa = XCSwiftPackageProductDependency;
			package = B999ED9C2B75BDEA0096D438 /* XCRemoteSwiftPackageReference "firebase-ios-sdk" */;
			productName = FirebaseFirestore;
		};
		B999EDB72B75BDEA0096D438 /* FirebaseFirestoreCombine-Community */ = {
			isa = XCSwiftPackageProductDependency;
			package = B999ED9C2B75BDEA0096D438 /* XCRemoteSwiftPackageReference "firebase-ios-sdk" */;
			productName = "FirebaseFirestoreCombine-Community";
		};
		B999EDB92B75BDEA0096D438 /* FirebaseFirestoreSwift */ = {
			isa = XCSwiftPackageProductDependency;
			package = B999ED9C2B75BDEA0096D438 /* XCRemoteSwiftPackageReference "firebase-ios-sdk" */;
			productName = FirebaseFirestoreSwift;
		};
		B999EDBB2B75BDEA0096D438 /* FirebaseFunctions */ = {
			isa = XCSwiftPackageProductDependency;
			package = B999ED9C2B75BDEA0096D438 /* XCRemoteSwiftPackageReference "firebase-ios-sdk" */;
			productName = FirebaseFunctions;
		};
		B999EDBD2B75BDEA0096D438 /* FirebaseFunctionsCombine-Community */ = {
			isa = XCSwiftPackageProductDependency;
			package = B999ED9C2B75BDEA0096D438 /* XCRemoteSwiftPackageReference "firebase-ios-sdk" */;
			productName = "FirebaseFunctionsCombine-Community";
		};
		B999EDBF2B75BDEA0096D438 /* FirebaseInAppMessaging-Beta */ = {
			isa = XCSwiftPackageProductDependency;
			package = B999ED9C2B75BDEA0096D438 /* XCRemoteSwiftPackageReference "firebase-ios-sdk" */;
			productName = "FirebaseInAppMessaging-Beta";
		};
		B999EDC12B75BDEA0096D438 /* FirebaseInAppMessagingSwift-Beta */ = {
			isa = XCSwiftPackageProductDependency;
			package = B999ED9C2B75BDEA0096D438 /* XCRemoteSwiftPackageReference "firebase-ios-sdk" */;
			productName = "FirebaseInAppMessagingSwift-Beta";
		};
		B999EDC32B75BDEA0096D438 /* FirebaseInstallations */ = {
			isa = XCSwiftPackageProductDependency;
			package = B999ED9C2B75BDEA0096D438 /* XCRemoteSwiftPackageReference "firebase-ios-sdk" */;
			productName = FirebaseInstallations;
		};
		B999EDC52B75BDEA0096D438 /* FirebaseMLModelDownloader */ = {
			isa = XCSwiftPackageProductDependency;
			package = B999ED9C2B75BDEA0096D438 /* XCRemoteSwiftPackageReference "firebase-ios-sdk" */;
			productName = FirebaseMLModelDownloader;
		};
		B999EDC72B75BDEA0096D438 /* FirebaseMessaging */ = {
			isa = XCSwiftPackageProductDependency;
			package = B999ED9C2B75BDEA0096D438 /* XCRemoteSwiftPackageReference "firebase-ios-sdk" */;
			productName = FirebaseMessaging;
		};
		B999EDC92B75BDEA0096D438 /* FirebasePerformance */ = {
			isa = XCSwiftPackageProductDependency;
			package = B999ED9C2B75BDEA0096D438 /* XCRemoteSwiftPackageReference "firebase-ios-sdk" */;
			productName = FirebasePerformance;
		};
		B999EDCB2B75BDEA0096D438 /* FirebaseRemoteConfig */ = {
			isa = XCSwiftPackageProductDependency;
			package = B999ED9C2B75BDEA0096D438 /* XCRemoteSwiftPackageReference "firebase-ios-sdk" */;
			productName = FirebaseRemoteConfig;
		};
		B999EDCD2B75BDEA0096D438 /* FirebaseRemoteConfigSwift */ = {
			isa = XCSwiftPackageProductDependency;
			package = B999ED9C2B75BDEA0096D438 /* XCRemoteSwiftPackageReference "firebase-ios-sdk" */;
			productName = FirebaseRemoteConfigSwift;
		};
		B999EDCF2B75BDEA0096D438 /* FirebaseStorage */ = {
			isa = XCSwiftPackageProductDependency;
			package = B999ED9C2B75BDEA0096D438 /* XCRemoteSwiftPackageReference "firebase-ios-sdk" */;
			productName = FirebaseStorage;
		};
		B999EDD12B75BDEA0096D438 /* FirebaseStorageCombine-Community */ = {
			isa = XCSwiftPackageProductDependency;
			package = B999ED9C2B75BDEA0096D438 /* XCRemoteSwiftPackageReference "firebase-ios-sdk" */;
			productName = "FirebaseStorageCombine-Community";
		};
		B999EDD42B75BEE10096D438 /* GoogleSignIn */ = {
			isa = XCSwiftPackageProductDependency;
			package = B999EDD32B75BEE10096D438 /* XCRemoteSwiftPackageReference "GoogleSignIn-iOS" */;
			productName = GoogleSignIn;
		};
		B999EDD62B75BEE10096D438 /* GoogleSignInSwift */ = {
			isa = XCSwiftPackageProductDependency;
			package = B999EDD32B75BEE10096D438 /* XCRemoteSwiftPackageReference "GoogleSignIn-iOS" */;
			productName = GoogleSignInSwift;
		};
/* End XCSwiftPackageProductDependency section */
	};
	rootObject = B999ED832B75BC210096D438 /* Project object */;
}
